// !$*UTF8*$!
{
	archiveVersion = 1;
	classes = {
	};
	objectVersion = 50;
	objects = {

/* Begin PBXBuildFile section */
		4C197B742383D18E00C77503 /* AppDelegate.swift in Sources */ = {isa = PBXBuildFile; fileRef = 4C197B732383D18E00C77503 /* AppDelegate.swift */; };
		4C197B762383D18E00C77503 /* SceneDelegate.swift in Sources */ = {isa = PBXBuildFile; fileRef = 4C197B752383D18E00C77503 /* SceneDelegate.swift */; };
		4C197B782383D18E00C77503 /* ContentView.swift in Sources */ = {isa = PBXBuildFile; fileRef = 4C197B772383D18E00C77503 /* ContentView.swift */; };
		4C197B7A2383D19100C77503 /* Assets.xcassets in Resources */ = {isa = PBXBuildFile; fileRef = 4C197B792383D19100C77503 /* Assets.xcassets */; };
		4C197B7D2383D19100C77503 /* Preview Assets.xcassets in Resources */ = {isa = PBXBuildFile; fileRef = 4C197B7C2383D19100C77503 /* Preview Assets.xcassets */; };
		4C197B802383D19100C77503 /* LaunchScreen.storyboard in Resources */ = {isa = PBXBuildFile; fileRef = 4C197B7E2383D19100C77503 /* LaunchScreen.storyboard */; };
		4C197B962383D19100C77503 /* CodingDojo_IDEUITests.swift in Sources */ = {isa = PBXBuildFile; fileRef = 4C197B952383D19100C77503 /* CodingDojo_IDEUITests.swift */; };
		4C197BA52383D33100C77503 /* Terminator.swift in Sources */ = {isa = PBXBuildFile; fileRef = 4C197BA42383D33100C77503 /* Terminator.swift */; };
		4C197BA72383D3D900C77503 /* Terminator-Tests.swift in Sources */ = {isa = PBXBuildFile; fileRef = 4C197BA62383D3D900C77503 /* Terminator-Tests.swift */; };
		4C4D88572383F42B0043DF01 /* SpaceXMotorType.swift in Sources */ = {isa = PBXBuildFile; fileRef = 4C4D88562383F42B0043DF01 /* SpaceXMotorType.swift */; };
		4C4D88592383FA4D0043DF01 /* Meteo.swift in Sources */ = {isa = PBXBuildFile; fileRef = 4C4D88582383FA4D0043DF01 /* Meteo.swift */; };
/* End PBXBuildFile section */

/* Begin PBXContainerItemProxy section */
		4C197B872383D19100C77503 /* PBXContainerItemProxy */ = {
			isa = PBXContainerItemProxy;
			containerPortal = 4C197B682383D18E00C77503 /* Project object */;
			proxyType = 1;
			remoteGlobalIDString = 4C197B6F2383D18E00C77503;
			remoteInfo = "CodingDojo-IDE";
		};
		4C197B922383D19100C77503 /* PBXContainerItemProxy */ = {
			isa = PBXContainerItemProxy;
			containerPortal = 4C197B682383D18E00C77503 /* Project object */;
			proxyType = 1;
			remoteGlobalIDString = 4C197B6F2383D18E00C77503;
			remoteInfo = "CodingDojo-IDE";
		};
/* End PBXContainerItemProxy section */

/* Begin PBXFileReference section */
		4C197B702383D18E00C77503 /* CodingDojo-IDE.app */ = {isa = PBXFileReference; explicitFileType = wrapper.application; includeInIndex = 0; path = "CodingDojo-IDE.app"; sourceTree = BUILT_PRODUCTS_DIR; };
		4C197B732383D18E00C77503 /* AppDelegate.swift */ = {isa = PBXFileReference; lastKnownFileType = sourcecode.swift; path = AppDelegate.swift; sourceTree = "<group>"; };
		4C197B752383D18E00C77503 /* SceneDelegate.swift */ = {isa = PBXFileReference; lastKnownFileType = sourcecode.swift; path = SceneDelegate.swift; sourceTree = "<group>"; };
		4C197B772383D18E00C77503 /* ContentView.swift */ = {isa = PBXFileReference; lastKnownFileType = sourcecode.swift; path = ContentView.swift; sourceTree = "<group>"; };
		4C197B792383D19100C77503 /* Assets.xcassets */ = {isa = PBXFileReference; lastKnownFileType = folder.assetcatalog; path = Assets.xcassets; sourceTree = "<group>"; };
		4C197B7C2383D19100C77503 /* Preview Assets.xcassets */ = {isa = PBXFileReference; lastKnownFileType = folder.assetcatalog; path = "Preview Assets.xcassets"; sourceTree = "<group>"; };
		4C197B7F2383D19100C77503 /* Base */ = {isa = PBXFileReference; lastKnownFileType = file.storyboard; name = Base; path = Base.lproj/LaunchScreen.storyboard; sourceTree = "<group>"; };
		4C197B812383D19100C77503 /* Info.plist */ = {isa = PBXFileReference; lastKnownFileType = text.plist.xml; path = Info.plist; sourceTree = "<group>"; };
		4C197B862383D19100C77503 /* CodingDojo-IDETests.xctest */ = {isa = PBXFileReference; explicitFileType = wrapper.cfbundle; includeInIndex = 0; path = "CodingDojo-IDETests.xctest"; sourceTree = BUILT_PRODUCTS_DIR; };
		4C197B8C2383D19100C77503 /* Info.plist */ = {isa = PBXFileReference; lastKnownFileType = text.plist.xml; path = Info.plist; sourceTree = "<group>"; };
		4C197B912383D19100C77503 /* CodingDojo-IDEUITests.xctest */ = {isa = PBXFileReference; explicitFileType = wrapper.cfbundle; includeInIndex = 0; path = "CodingDojo-IDEUITests.xctest"; sourceTree = BUILT_PRODUCTS_DIR; };
		4C197B952383D19100C77503 /* CodingDojo_IDEUITests.swift */ = {isa = PBXFileReference; lastKnownFileType = sourcecode.swift; path = CodingDojo_IDEUITests.swift; sourceTree = "<group>"; };
		4C197B972383D19100C77503 /* Info.plist */ = {isa = PBXFileReference; lastKnownFileType = text.plist.xml; path = Info.plist; sourceTree = "<group>"; };
		4C197BA42383D33100C77503 /* Terminator.swift */ = {isa = PBXFileReference; lastKnownFileType = sourcecode.swift; path = Terminator.swift; sourceTree = "<group>"; };
		4C197BA62383D3D900C77503 /* Terminator-Tests.swift */ = {isa = PBXFileReference; lastKnownFileType = sourcecode.swift; path = "Terminator-Tests.swift"; sourceTree = "<group>"; };
		4C4D88562383F42B0043DF01 /* SpaceXMotorType.swift */ = {isa = PBXFileReference; lastKnownFileType = sourcecode.swift; path = SpaceXMotorType.swift; sourceTree = "<group>"; };
		4C4D88582383FA4D0043DF01 /* Meteo.swift */ = {isa = PBXFileReference; lastKnownFileType = sourcecode.swift; path = Meteo.swift; sourceTree = "<group>"; };
/* End PBXFileReference section */

/* Begin PBXFrameworksBuildPhase section */
		4C197B6D2383D18E00C77503 /* Frameworks */ = {
			isa = PBXFrameworksBuildPhase;
			buildActionMask = 2147483647;
			files = (
			);
			runOnlyForDeploymentPostprocessing = 0;
		};
		4C197B832383D19100C77503 /* Frameworks */ = {
			isa = PBXFrameworksBuildPhase;
			buildActionMask = 2147483647;
			files = (
			);
			runOnlyForDeploymentPostprocessing = 0;
		};
		4C197B8E2383D19100C77503 /* Frameworks */ = {
			isa = PBXFrameworksBuildPhase;
			buildActionMask = 2147483647;
			files = (
			);
			runOnlyForDeploymentPostprocessing = 0;
		};
/* End PBXFrameworksBuildPhase section */

/* Begin PBXGroup section */
		4C197B672383D18E00C77503 = {
			isa = PBXGroup;
			children = (
				4C197B722383D18E00C77503 /* CodingDojo-IDE */,
				4C197B892383D19100C77503 /* CodingDojo-IDETests */,
				4C197B942383D19100C77503 /* CodingDojo-IDEUITests */,
				4C197B712383D18E00C77503 /* Products */,
			);
			sourceTree = "<group>";
		};
		4C197B712383D18E00C77503 /* Products */ = {
			isa = PBXGroup;
			children = (
				4C197B702383D18E00C77503 /* CodingDojo-IDE.app */,
				4C197B862383D19100C77503 /* CodingDojo-IDETests.xctest */,
				4C197B912383D19100C77503 /* CodingDojo-IDEUITests.xctest */,
			);
			name = Products;
			sourceTree = "<group>";
		};
		4C197B722383D18E00C77503 /* CodingDojo-IDE */ = {
			isa = PBXGroup;
			children = (
				4C197BA32383D31C00C77503 /* SandBox */,
				4C197B732383D18E00C77503 /* AppDelegate.swift */,
				4C197B752383D18E00C77503 /* SceneDelegate.swift */,
				4C197B772383D18E00C77503 /* ContentView.swift */,
				4C197B792383D19100C77503 /* Assets.xcassets */,
				4C197B7E2383D19100C77503 /* LaunchScreen.storyboard */,
				4C197B812383D19100C77503 /* Info.plist */,
				4C197B7B2383D19100C77503 /* Preview Content */,
			);
			path = "CodingDojo-IDE";
			sourceTree = "<group>";
		};
		4C197B7B2383D19100C77503 /* Preview Content */ = {
			isa = PBXGroup;
			children = (
				4C197B7C2383D19100C77503 /* Preview Assets.xcassets */,
			);
			path = "Preview Content";
			sourceTree = "<group>";
		};
		4C197B892383D19100C77503 /* CodingDojo-IDETests */ = {
			isa = PBXGroup;
			children = (
				4C197B8C2383D19100C77503 /* Info.plist */,
				4C197BA62383D3D900C77503 /* Terminator-Tests.swift */,
			);
			path = "CodingDojo-IDETests";
			sourceTree = "<group>";
		};
		4C197B942383D19100C77503 /* CodingDojo-IDEUITests */ = {
			isa = PBXGroup;
			children = (
				4C197B952383D19100C77503 /* CodingDojo_IDEUITests.swift */,
				4C197B972383D19100C77503 /* Info.plist */,
			);
			path = "CodingDojo-IDEUITests";
			sourceTree = "<group>";
		};
		4C197BA32383D31C00C77503 /* SandBox */ = {
			isa = PBXGroup;
			children = (
				4C197BA42383D33100C77503 /* Terminator.swift */,
				4C4D88562383F42B0043DF01 /* SpaceXMotorType.swift */,
				4C4D88582383FA4D0043DF01 /* Meteo.swift */,
			);
			path = SandBox;
			sourceTree = "<group>";
		};
/* End PBXGroup section */

/* Begin PBXNativeTarget section */
		4C197B6F2383D18E00C77503 /* CodingDojo-IDE */ = {
			isa = PBXNativeTarget;
			buildConfigurationList = 4C197B9A2383D19100C77503 /* Build configuration list for PBXNativeTarget "CodingDojo-IDE" */;
			buildPhases = (
				4C197B6C2383D18E00C77503 /* Sources */,
				4C197B6D2383D18E00C77503 /* Frameworks */,
				4C197B6E2383D18E00C77503 /* Resources */,
			);
			buildRules = (
			);
			dependencies = (
			);
			name = "CodingDojo-IDE";
			productName = "CodingDojo-IDE";
			productReference = 4C197B702383D18E00C77503 /* CodingDojo-IDE.app */;
			productType = "com.apple.product-type.application";
		};
		4C197B852383D19100C77503 /* CodingDojo-IDETests */ = {
			isa = PBXNativeTarget;
			buildConfigurationList = 4C197B9D2383D19100C77503 /* Build configuration list for PBXNativeTarget "CodingDojo-IDETests" */;
			buildPhases = (
				4C197B822383D19100C77503 /* Sources */,
				4C197B832383D19100C77503 /* Frameworks */,
				4C197B842383D19100C77503 /* Resources */,
			);
			buildRules = (
			);
			dependencies = (
				4C197B882383D19100C77503 /* PBXTargetDependency */,
			);
			name = "CodingDojo-IDETests";
			productName = "CodingDojo-IDETests";
			productReference = 4C197B862383D19100C77503 /* CodingDojo-IDETests.xctest */;
			productType = "com.apple.product-type.bundle.unit-test";
		};
		4C197B902383D19100C77503 /* CodingDojo-IDEUITests */ = {
			isa = PBXNativeTarget;
			buildConfigurationList = 4C197BA02383D19100C77503 /* Build configuration list for PBXNativeTarget "CodingDojo-IDEUITests" */;
			buildPhases = (
				4C197B8D2383D19100C77503 /* Sources */,
				4C197B8E2383D19100C77503 /* Frameworks */,
				4C197B8F2383D19100C77503 /* Resources */,
			);
			buildRules = (
			);
			dependencies = (
				4C197B932383D19100C77503 /* PBXTargetDependency */,
			);
			name = "CodingDojo-IDEUITests";
			productName = "CodingDojo-IDEUITests";
			productReference = 4C197B912383D19100C77503 /* CodingDojo-IDEUITests.xctest */;
			productType = "com.apple.product-type.bundle.ui-testing";
		};
/* End PBXNativeTarget section */

/* Begin PBXProject section */
		4C197B682383D18E00C77503 /* Project object */ = {
			isa = PBXProject;
			attributes = {
				LastSwiftUpdateCheck = 1120;
				LastUpgradeCheck = 1120;
				ORGANIZATIONNAME = "Maxime Tournier";
				TargetAttributes = {
					4C197B6F2383D18E00C77503 = {
						CreatedOnToolsVersion = 11.2;
					};
					4C197B852383D19100C77503 = {
						CreatedOnToolsVersion = 11.2;
						TestTargetID = 4C197B6F2383D18E00C77503;
					};
					4C197B902383D19100C77503 = {
						CreatedOnToolsVersion = 11.2;
						TestTargetID = 4C197B6F2383D18E00C77503;
					};
				};
			};
			buildConfigurationList = 4C197B6B2383D18E00C77503 /* Build configuration list for PBXProject "CodingDojo-IDE" */;
			compatibilityVersion = "Xcode 9.3";
			developmentRegion = en;
			hasScannedForEncodings = 0;
			knownRegions = (
				en,
				Base,
			);
			mainGroup = 4C197B672383D18E00C77503;
			productRefGroup = 4C197B712383D18E00C77503 /* Products */;
			projectDirPath = "";
			projectRoot = "";
			targets = (
				4C197B6F2383D18E00C77503 /* CodingDojo-IDE */,
				4C197B852383D19100C77503 /* CodingDojo-IDETests */,
				4C197B902383D19100C77503 /* CodingDojo-IDEUITests */,
			);
		};
/* End PBXProject section */

/* Begin PBXResourcesBuildPhase section */
		4C197B6E2383D18E00C77503 /* Resources */ = {
			isa = PBXResourcesBuildPhase;
			buildActionMask = 2147483647;
			files = (
				4C197B802383D19100C77503 /* LaunchScreen.storyboard in Resources */,
				4C197B7D2383D19100C77503 /* Preview Assets.xcassets in Resources */,
				4C197B7A2383D19100C77503 /* Assets.xcassets in Resources */,
			);
			runOnlyForDeploymentPostprocessing = 0;
		};
		4C197B842383D19100C77503 /* Resources */ = {
			isa = PBXResourcesBuildPhase;
			buildActionMask = 2147483647;
			files = (
			);
			runOnlyForDeploymentPostprocessing = 0;
		};
		4C197B8F2383D19100C77503 /* Resources */ = {
			isa = PBXResourcesBuildPhase;
			buildActionMask = 2147483647;
			files = (
			);
			runOnlyForDeploymentPostprocessing = 0;
		};
/* End PBXResourcesBuildPhase section */

/* Begin PBXSourcesBuildPhase section */
		4C197B6C2383D18E00C77503 /* Sources */ = {
			isa = PBXSourcesBuildPhase;
			buildActionMask = 2147483647;
			files = (
				4C4D88592383FA4D0043DF01 /* Meteo.swift in Sources */,
				4C4D88572383F42B0043DF01 /* SpaceXMotorType.swift in Sources */,
				4C197B742383D18E00C77503 /* AppDelegate.swift in Sources */,
				4C197BA52383D33100C77503 /* Terminator.swift in Sources */,
				4C197B762383D18E00C77503 /* SceneDelegate.swift in Sources */,
				4C197B782383D18E00C77503 /* ContentView.swift in Sources */,
			);
			runOnlyForDeploymentPostprocessing = 0;
		};
		4C197B822383D19100C77503 /* Sources */ = {
			isa = PBXSourcesBuildPhase;
			buildActionMask = 2147483647;
			files = (
				4C197BA72383D3D900C77503 /* Terminator-Tests.swift in Sources */,
			);
			runOnlyForDeploymentPostprocessing = 0;
		};
		4C197B8D2383D19100C77503 /* Sources */ = {
			isa = PBXSourcesBuildPhase;
			buildActionMask = 2147483647;
			files = (
				4C197B962383D19100C77503 /* CodingDojo_IDEUITests.swift in Sources */,
			);
			runOnlyForDeploymentPostprocessing = 0;
		};
/* End PBXSourcesBuildPhase section */

/* Begin PBXTargetDependency section */
		4C197B882383D19100C77503 /* PBXTargetDependency */ = {
			isa = PBXTargetDependency;
			target = 4C197B6F2383D18E00C77503 /* CodingDojo-IDE */;
			targetProxy = 4C197B872383D19100C77503 /* PBXContainerItemProxy */;
		};
		4C197B932383D19100C77503 /* PBXTargetDependency */ = {
			isa = PBXTargetDependency;
			target = 4C197B6F2383D18E00C77503 /* CodingDojo-IDE */;
			targetProxy = 4C197B922383D19100C77503 /* PBXContainerItemProxy */;
		};
/* End PBXTargetDependency section */

/* Begin PBXVariantGroup section */
		4C197B7E2383D19100C77503 /* LaunchScreen.storyboard */ = {
			isa = PBXVariantGroup;
			children = (
				4C197B7F2383D19100C77503 /* Base */,
			);
			name = LaunchScreen.storyboard;
			sourceTree = "<group>";
		};
/* End PBXVariantGroup section */

/* Begin XCBuildConfiguration section */
		4C197B982383D19100C77503 /* Debug */ = {
			isa = XCBuildConfiguration;
			buildSettings = {
				ALWAYS_SEARCH_USER_PATHS = NO;
				CLANG_ANALYZER_NONNULL = YES;
				CLANG_ANALYZER_NUMBER_OBJECT_CONVERSION = YES_AGGRESSIVE;
				CLANG_CXX_LANGUAGE_STANDARD = "gnu++14";
				CLANG_CXX_LIBRARY = "libc++";
				CLANG_ENABLE_MODULES = YES;
				CLANG_ENABLE_OBJC_ARC = YES;
				CLANG_ENABLE_OBJC_WEAK = YES;
				CLANG_WARN_BLOCK_CAPTURE_AUTORELEASING = YES;
				CLANG_WARN_BOOL_CONVERSION = YES;
				CLANG_WARN_COMMA = YES;
				CLANG_WARN_CONSTANT_CONVERSION = YES;
				CLANG_WARN_DEPRECATED_OBJC_IMPLEMENTATIONS = YES;
				CLANG_WARN_DIRECT_OBJC_ISA_USAGE = YES_ERROR;
				CLANG_WARN_DOCUMENTATION_COMMENTS = YES;
				CLANG_WARN_EMPTY_BODY = YES;
				CLANG_WARN_ENUM_CONVERSION = YES;
				CLANG_WARN_INFINITE_RECURSION = YES;
				CLANG_WARN_INT_CONVERSION = YES;
				CLANG_WARN_NON_LITERAL_NULL_CONVERSION = YES;
				CLANG_WARN_OBJC_IMPLICIT_RETAIN_SELF = YES;
				CLANG_WARN_OBJC_LITERAL_CONVERSION = YES;
				CLANG_WARN_OBJC_ROOT_CLASS = YES_ERROR;
				CLANG_WARN_RANGE_LOOP_ANALYSIS = YES;
				CLANG_WARN_STRICT_PROTOTYPES = YES;
				CLANG_WARN_SUSPICIOUS_MOVE = YES;
				CLANG_WARN_UNGUARDED_AVAILABILITY = YES_AGGRESSIVE;
				CLANG_WARN_UNREACHABLE_CODE = YES;
				CLANG_WARN__DUPLICATE_METHOD_MATCH = YES;
				COPY_PHASE_STRIP = NO;
				DEBUG_INFORMATION_FORMAT = dwarf;
				ENABLE_STRICT_OBJC_MSGSEND = YES;
				ENABLE_TESTABILITY = YES;
				GCC_C_LANGUAGE_STANDARD = gnu11;
				GCC_DYNAMIC_NO_PIC = NO;
				GCC_NO_COMMON_BLOCKS = YES;
				GCC_OPTIMIZATION_LEVEL = 0;
				GCC_PREPROCESSOR_DEFINITIONS = (
					"DEBUG=1",
					"$(inherited)",
				);
				GCC_WARN_64_TO_32_BIT_CONVERSION = YES;
				GCC_WARN_ABOUT_RETURN_TYPE = YES_ERROR;
				GCC_WARN_UNDECLARED_SELECTOR = YES;
				GCC_WARN_UNINITIALIZED_AUTOS = YES_AGGRESSIVE;
				GCC_WARN_UNUSED_FUNCTION = YES;
				GCC_WARN_UNUSED_VARIABLE = YES;
				IPHONEOS_DEPLOYMENT_TARGET = 13.1;
				MTL_ENABLE_DEBUG_INFO = INCLUDE_SOURCE;
				MTL_FAST_MATH = YES;
				ONLY_ACTIVE_ARCH = YES;
				SDKROOT = iphoneos;
				SWIFT_ACTIVE_COMPILATION_CONDITIONS = DEBUG;
				SWIFT_OPTIMIZATION_LEVEL = "-Onone";
			};
			name = Debug;
		};
		4C197B992383D19100C77503 /* Release */ = {
			isa = XCBuildConfiguration;
			buildSettings = {
				ALWAYS_SEARCH_USER_PATHS = NO;
				CLANG_ANALYZER_NONNULL = YES;
				CLANG_ANALYZER_NUMBER_OBJECT_CONVERSION = YES_AGGRESSIVE;
				CLANG_CXX_LANGUAGE_STANDARD = "gnu++14";
				CLANG_CXX_LIBRARY = "libc++";
				CLANG_ENABLE_MODULES = YES;
				CLANG_ENABLE_OBJC_ARC = YES;
				CLANG_ENABLE_OBJC_WEAK = YES;
				CLANG_WARN_BLOCK_CAPTURE_AUTORELEASING = YES;
				CLANG_WARN_BOOL_CONVERSION = YES;
				CLANG_WARN_COMMA = YES;
				CLANG_WARN_CONSTANT_CONVERSION = YES;
				CLANG_WARN_DEPRECATED_OBJC_IMPLEMENTATIONS = YES;
				CLANG_WARN_DIRECT_OBJC_ISA_USAGE = YES_ERROR;
				CLANG_WARN_DOCUMENTATION_COMMENTS = YES;
				CLANG_WARN_EMPTY_BODY = YES;
				CLANG_WARN_ENUM_CONVERSION = YES;
				CLANG_WARN_INFINITE_RECURSION = YES;
				CLANG_WARN_INT_CONVERSION = YES;
				CLANG_WARN_NON_LITERAL_NULL_CONVERSION = YES;
				CLANG_WARN_OBJC_IMPLICIT_RETAIN_SELF = YES;
				CLANG_WARN_OBJC_LITERAL_CONVERSION = YES;
				CLANG_WARN_OBJC_ROOT_CLASS = YES_ERROR;
				CLANG_WARN_RANGE_LOOP_ANALYSIS = YES;
				CLANG_WARN_STRICT_PROTOTYPES = YES;
				CLANG_WARN_SUSPICIOUS_MOVE = YES;
				CLANG_WARN_UNGUARDED_AVAILABILITY = YES_AGGRESSIVE;
				CLANG_WARN_UNREACHABLE_CODE = YES;
				CLANG_WARN__DUPLICATE_METHOD_MATCH = YES;
				COPY_PHASE_STRIP = NO;
				DEBUG_INFORMATION_FORMAT = "dwarf-with-dsym";
				ENABLE_NS_ASSERTIONS = NO;
				ENABLE_STRICT_OBJC_MSGSEND = YES;
				GCC_C_LANGUAGE_STANDARD = gnu11;
				GCC_NO_COMMON_BLOCKS = YES;
				GCC_WARN_64_TO_32_BIT_CONVERSION = YES;
				GCC_WARN_ABOUT_RETURN_TYPE = YES_ERROR;
				GCC_WARN_UNDECLARED_SELECTOR = YES;
				GCC_WARN_UNINITIALIZED_AUTOS = YES_AGGRESSIVE;
				GCC_WARN_UNUSED_FUNCTION = YES;
				GCC_WARN_UNUSED_VARIABLE = YES;
				IPHONEOS_DEPLOYMENT_TARGET = 13.1;
				MTL_ENABLE_DEBUG_INFO = NO;
				MTL_FAST_MATH = YES;
				SDKROOT = iphoneos;
				SWIFT_COMPILATION_MODE = wholemodule;
				SWIFT_OPTIMIZATION_LEVEL = "-O";
				VALIDATE_PRODUCT = YES;
			};
			name = Release;
		};
		4C197B9B2383D19100C77503 /* Debug */ = {
			isa = XCBuildConfiguration;
			buildSettings = {
				ASSETCATALOG_COMPILER_APPICON_NAME = AppIcon;
				CODE_SIGN_STYLE = Automatic;
				DEVELOPMENT_ASSET_PATHS = "\"CodingDojo-IDE/Preview Content\"";
				DEVELOPMENT_TEAM = XDY45UWFZX;
				ENABLE_PREVIEWS = YES;
				INFOPLIST_FILE = "CodingDojo-IDE/Info.plist";
				LD_RUNPATH_SEARCH_PATHS = (
					"$(inherited)",
					"@executable_path/Frameworks",
				);
				PRODUCT_BUNDLE_IDENTIFIER = "com.zhum.CodingDojo-IDE";
				PRODUCT_NAME = "$(TARGET_NAME)";
				SWIFT_VERSION = 5.0;
				TARGETED_DEVICE_FAMILY = "1,2";
			};
			name = Debug;
		};
		4C197B9C2383D19100C77503 /* Release */ = {
			isa = XCBuildConfiguration;
			buildSettings = {
				ASSETCATALOG_COMPILER_APPICON_NAME = AppIcon;
				CODE_SIGN_STYLE = Automatic;
				DEVELOPMENT_ASSET_PATHS = "\"CodingDojo-IDE/Preview Content\"";
				DEVELOPMENT_TEAM = XDY45UWFZX;
				ENABLE_PREVIEWS = YES;
				INFOPLIST_FILE = "CodingDojo-IDE/Info.plist";
				LD_RUNPATH_SEARCH_PATHS = (
					"$(inherited)",
					"@executable_path/Frameworks",
				);
				PRODUCT_BUNDLE_IDENTIFIER = "com.zhum.CodingDojo-IDE";
				PRODUCT_NAME = "$(TARGET_NAME)";
				SWIFT_VERSION = 5.0;
				TARGETED_DEVICE_FAMILY = "1,2";
			};
			name = Release;
		};
		4C197B9E2383D19100C77503 /* Debug */ = {
			isa = XCBuildConfiguration;
			buildSettings = {
				ALWAYS_EMBED_SWIFT_STANDARD_LIBRARIES = YES;
				BUNDLE_LOADER = "$(TEST_HOST)";
				CODE_SIGN_STYLE = Automatic;
				DEVELOPMENT_TEAM = XDY45UWFZX;
				INFOPLIST_FILE = "CodingDojo-IDETests/Info.plist";
				IPHONEOS_DEPLOYMENT_TARGET = 13.2;
				LD_RUNPATH_SEARCH_PATHS = (
					"$(inherited)",
					"@executable_path/Frameworks",
					"@loader_path/Frameworks",
				);
				PRODUCT_BUNDLE_IDENTIFIER = "com.zhum.CodingDojo-IDETests";
				PRODUCT_NAME = "$(TARGET_NAME)";
				SWIFT_VERSION = 5.0;
				TARGETED_DEVICE_FAMILY = "1,2";
				TEST_HOST = "$(BUILT_PRODUCTS_DIR)/CodingDojo-IDE.app/CodingDojo-IDE";
			};
			name = Debug;
		};
		4C197B9F2383D19100C77503 /* Release */ = {
			isa = XCBuildConfiguration;
			buildSettings = {
				ALWAYS_EMBED_SWIFT_STANDARD_LIBRARIES = YES;
				BUNDLE_LOADER = "$(TEST_HOST)";
				CODE_SIGN_STYLE = Automatic;
				DEVELOPMENT_TEAM = XDY45UWFZX;
				INFOPLIST_FILE = "CodingDojo-IDETests/Info.plist";
				IPHONEOS_DEPLOYMENT_TARGET = 13.2;
				LD_RUNPATH_SEARCH_PATHS = (
					"$(inherited)",
					"@executable_path/Frameworks",
					"@loader_path/Frameworks",
				);
				PRODUCT_BUNDLE_IDENTIFIER = "com.zhum.CodingDojo-IDETests";
				PRODUCT_NAME = "$(TARGET_NAME)";
				SWIFT_VERSION = 5.0;
				TARGETED_DEVICE_FAMILY = "1,2";
				TEST_HOST = "$(BUILT_PRODUCTS_DIR)/CodingDojo-IDE.app/CodingDojo-IDE";
			};
			name = Release;
		};
		4C197BA12383D19100C77503 /* Debug */ = {
			isa = XCBuildConfiguration;
			buildSettings = {
				ALWAYS_EMBED_SWIFT_STANDARD_LIBRARIES = YES;
				CODE_SIGN_STYLE = Automatic;
				DEVELOPMENT_TEAM = XDY45UWFZX;
				INFOPLIST_FILE = "CodingDojo-IDEUITests/Info.plist";
				LD_RUNPATH_SEARCH_PATHS = (
					"$(inherited)",
					"@executable_path/Frameworks",
					"@loader_path/Frameworks",
				);
				PRODUCT_BUNDLE_IDENTIFIER = "com.zhum.CodingDojo-IDEUITests";
				PRODUCT_NAME = "$(TARGET_NAME)";
				SWIFT_VERSION = 5.0;
				TARGETED_DEVICE_FAMILY = "1,2";
				TEST_TARGET_NAME = "CodingDojo-IDE";
			};
			name = Debug;
		};
		4C197BA22383D19100C77503 /* Release */ = {
			isa = XCBuildConfiguration;
			buildSettings = {
				ALWAYS_EMBED_SWIFT_STANDARD_LIBRARIES = YES;
				CODE_SIGN_STYLE = Automatic;
				DEVELOPMENT_TEAM = XDY45UWFZX;
				INFOPLIST_FILE = "CodingDojo-IDEUITests/Info.plist";
				LD_RUNPATH_SEARCH_PATHS = (
					"$(inherited)",
					"@executable_path/Frameworks",
					"@loader_path/Frameworks",
				);
				PRODUCT_BUNDLE_IDENTIFIER = "com.zhum.CodingDojo-IDEUITests";
				PRODUCT_NAME = "$(TARGET_NAME)";
				SWIFT_VERSION = 5.0;
				TARGETED_DEVICE_FAMILY = "1,2";
				TEST_TARGET_NAME = "CodingDojo-IDE";
			};
			name = Release;
		};
/* End XCBuildConfiguration section */

/* Begin XCConfigurationList section */
		4C197B6B2383D18E00C77503 /* Build configuration list for PBXProject "CodingDojo-IDE" */ = {
			isa = XCConfigurationList;
			buildConfigurations = (
				4C197B982383D19100C77503 /* Debug */,
				4C197B992383D19100C77503 /* Release */,
			);
			defaultConfigurationIsVisible = 0;
			defaultConfigurationName = Release;
		};
		4C197B9A2383D19100C77503 /* Build configuration list for PBXNativeTarget "CodingDojo-IDE" */ = {
			isa = XCConfigurationList;
			buildConfigurations = (
				4C197B9B2383D19100C77503 /* Debug */,
				4C197B9C2383D19100C77503 /* Release */,
			);
			defaultConfigurationIsVisible = 0;
			defaultConfigurationName = Release;
		};
		4C197B9D2383D19100C77503 /* Build configuration list for PBXNativeTarget "CodingDojo-IDETests" */ = {
			isa = XCConfigurationList;
			buildConfigurations = (
				4C197B9E2383D19100C77503 /* Debug */,
				4C197B9F2383D19100C77503 /* Release */,
			);
			defaultConfigurationIsVisible = 0;
			defaultConfigurationName = Release;
		};
		4C197BA02383D19100C77503 /* Build configuration list for PBXNativeTarget "CodingDojo-IDEUITests" */ = {
			isa = XCConfigurationList;
			buildConfigurations = (
				4C197BA12383D19100C77503 /* Debug */,
				4C197BA22383D19100C77503 /* Release */,
			);
			defaultConfigurationIsVisible = 0;
			defaultConfigurationName = Release;
		};
/* End XCConfigurationList section */
	};
	rootObject = 4C197B682383D18E00C77503 /* Project object */;
}
